
Microsoft Visual Studio Solution File, Format Version 12.00
# Visual Studio 14
VisualStudioVersion = 14.0.24720.0
MinimumVisualStudioVersion = 10.0.40219.1
Project("{FAE04EC0-301F-11D3-BF4B-00C04F79EFBC}") = "Synless Sprite Editor", "Synless Sprite Editor\Synless Sprite Editor.csproj", "{49DE6912-367A-4A1E-A4FB-69B03E45D3E9}"
EndProject
Global
	GlobalSection(SolutionConfigurationPlatforms) = preSolution
		Debug|Any CPU = Debug|Any CPU
		Release|Any CPU = Release|Any CPU
	EndGlobalSection
	GlobalSection(ProjectConfigurationPlatforms) = postSolution
		{49DE6912-367A-4A1E-A4FB-69B03E45D3E9}.Debug|Any CPU.ActiveCfg = Debug|Any CPU
		{49DE6912-367A-4A1E-A4FB-69B03E45D3E9}.Debug|Any CPU.Build.0 = Debug|Any CPU
		{49DE6912-367A-4A1E-A4FB-69B03E45D3E9}.Release|Any CPU.ActiveCfg = Release|Any CPU
		{49DE6912-367A-4A1E-A4FB-69B03E45D3E9}.Release|Any CPU.Build.0 = Release|Any CPU
	EndGlobalSection
	GlobalSection(SolutionProperties) = preSolution
		HideSolutionNode = FALSE
	EndGlobalSection
EndGlobal
